
Microsoft Visual Studio Solution File, Format Version 12.00
# Visual Studio 15
Project("{FAE04EC0-301F-11D3-BF4B-00C04F79EFBC}") = "web998", "web998\web998.csproj", "{27C6513D-72AE-4EC3-9C06-C1618C4D3D2A}"
EndProject
Global
	GlobalSection(SolutionConfigurationPlatforms) = preSolution
		Debug|Any CPU = Debug|Any CPU
		Release|Any CPU = Release|Any CPU
	EndGlobalSection
	GlobalSection(ProjectConfigurationPlatforms) = postSolution
		{27C6513D-72AE-4EC3-9C06-C1618C4D3D2A}.Debug|Any CPU.ActiveCfg = Debug|Any CPU
		{27C6513D-72AE-4EC3-9C06-C1618C4D3D2A}.Debug|Any CPU.Build.0 = Debug|Any CPU
		{27C6513D-72AE-4EC3-9C06-C1618C4D3D2A}.Release|Any CPU.ActiveCfg = Release|Any CPU
		{27C6513D-72AE-4EC3-9C06-C1618C4D3D2A}.Release|Any CPU.Build.0 = Release|Any CPU
	EndGlobalSection
EndGlobal
